// !$*UTF8*$!
{
	archiveVersion = 1;
	classes = {
	};
	objectVersion = 56;
	objects = {

/* Begin PBXBuildFile section */
		AC9C7E0D2A5DAB7A00736A43 /* TestAppApp.swift in Sources */ = {isa = PBXBuildFile; fileRef = AC9C7E0C2A5DAB7A00736A43 /* TestAppApp.swift */; };
		AC9C7E0F2A5DAB7A00736A43 /* GeneralView.swift in Sources */ = {isa = PBXBuildFile; fileRef = AC9C7E0E2A5DAB7A00736A43 /* GeneralView.swift */; };
		AC9C7E112A5DAB7B00736A43 /* Assets.xcassets in Resources */ = {isa = PBXBuildFile; fileRef = AC9C7E102A5DAB7B00736A43 /* Assets.xcassets */; };
		AC9C7E142A5DAB7B00736A43 /* Preview Assets.xcassets in Resources */ = {isa = PBXBuildFile; fileRef = AC9C7E132A5DAB7B00736A43 /* Preview Assets.xcassets */; };
		ACE13F2B2A64502B006D2F9E /* Structurs_for_JSON.swift in Sources */ = {isa = PBXBuildFile; fileRef = ACE13F2A2A64502B006D2F9E /* Structurs_for_JSON.swift */; };
		ACE13F2D2A645209006D2F9E /* ListOfDishesView.swift in Sources */ = {isa = PBXBuildFile; fileRef = ACE13F2C2A645209006D2F9E /* ListOfDishesView.swift */; };
		ACE13F2F2A658076006D2F9E /* ShoppingView.swift in Sources */ = {isa = PBXBuildFile; fileRef = ACE13F2E2A658076006D2F9E /* ShoppingView.swift */; };
		ACE13FB12A71731A006D2F9E /* ImageRealisation.swift in Sources */ = {isa = PBXBuildFile; fileRef = ACE13FB02A71731A006D2F9E /* ImageRealisation.swift */; };
		ACE13FB32A717398006D2F9E /* NetworkService.swift in Sources */ = {isa = PBXBuildFile; fileRef = ACE13FB22A717398006D2F9E /* NetworkService.swift */; };
/* End PBXBuildFile section */

/* Begin PBXFileReference section */
		AC9C7E092A5DAB7A00736A43 /* TestApp.app */ = {isa = PBXFileReference; explicitFileType = wrapper.application; includeInIndex = 0; path = TestApp.app; sourceTree = BUILT_PRODUCTS_DIR; };
		AC9C7E0C2A5DAB7A00736A43 /* TestAppApp.swift */ = {isa = PBXFileReference; lastKnownFileType = sourcecode.swift; path = TestAppApp.swift; sourceTree = "<group>"; };
		AC9C7E0E2A5DAB7A00736A43 /* GeneralView.swift */ = {isa = PBXFileReference; lastKnownFileType = sourcecode.swift; path = GeneralView.swift; sourceTree = "<group>"; };
		AC9C7E102A5DAB7B00736A43 /* Assets.xcassets */ = {isa = PBXFileReference; lastKnownFileType = folder.assetcatalog; path = Assets.xcassets; sourceTree = "<group>"; };
		AC9C7E132A5DAB7B00736A43 /* Preview Assets.xcassets */ = {isa = PBXFileReference; lastKnownFileType = folder.assetcatalog; path = "Preview Assets.xcassets"; sourceTree = "<group>"; };
		ACE13F2A2A64502B006D2F9E /* Structurs_for_JSON.swift */ = {isa = PBXFileReference; lastKnownFileType = sourcecode.swift; path = Structurs_for_JSON.swift; sourceTree = "<group>"; };
		ACE13F2C2A645209006D2F9E /* ListOfDishesView.swift */ = {isa = PBXFileReference; lastKnownFileType = sourcecode.swift; path = ListOfDishesView.swift; sourceTree = "<group>"; };
		ACE13F2E2A658076006D2F9E /* ShoppingView.swift */ = {isa = PBXFileReference; lastKnownFileType = sourcecode.swift; path = ShoppingView.swift; sourceTree = "<group>"; };
		ACE13FB02A71731A006D2F9E /* ImageRealisation.swift */ = {isa = PBXFileReference; lastKnownFileType = sourcecode.swift; path = ImageRealisation.swift; sourceTree = "<group>"; };
		ACE13FB22A717398006D2F9E /* NetworkService.swift */ = {isa = PBXFileReference; lastKnownFileType = sourcecode.swift; path = NetworkService.swift; sourceTree = "<group>"; };
/* End PBXFileReference section */

/* Begin PBXFrameworksBuildPhase section */
		AC9C7E062A5DAB7A00736A43 /* Frameworks */ = {
			isa = PBXFrameworksBuildPhase;
			buildActionMask = 2147483647;
			files = (
			);
			runOnlyForDeploymentPostprocessing = 0;
		};
/* End PBXFrameworksBuildPhase section */

/* Begin PBXGroup section */
		AC9C7E002A5DAB7A00736A43 = {
			isa = PBXGroup;
			children = (
				AC9C7E0B2A5DAB7A00736A43 /* TestApp */,
				AC9C7E0A2A5DAB7A00736A43 /* Products */,
			);
			sourceTree = "<group>";
		};
		AC9C7E0A2A5DAB7A00736A43 /* Products */ = {
			isa = PBXGroup;
			children = (
				AC9C7E092A5DAB7A00736A43 /* TestApp.app */,
			);
			name = Products;
			sourceTree = "<group>";
		};
		AC9C7E0B2A5DAB7A00736A43 /* TestApp */ = {
			isa = PBXGroup;
			children = (
				AC9C7E0C2A5DAB7A00736A43 /* TestAppApp.swift */,
				ACE13FB42A7173D9006D2F9E /* Views */,
				ACE13FB62A7175C3006D2F9E /* Services */,
				AC9C7E102A5DAB7B00736A43 /* Assets.xcassets */,
				AC9C7E122A5DAB7B00736A43 /* Preview Content */,
			);
			path = TestApp;
			sourceTree = "<group>";
		};
		AC9C7E122A5DAB7B00736A43 /* Preview Content */ = {
			isa = PBXGroup;
			children = (
				AC9C7E132A5DAB7B00736A43 /* Preview Assets.xcassets */,
			);
			path = "Preview Content";
			sourceTree = "<group>";
		};
		ACE13FB42A7173D9006D2F9E /* Views */ = {
			isa = PBXGroup;
			children = (
				ACE13F2E2A658076006D2F9E /* ShoppingView.swift */,
				ACE13F2C2A645209006D2F9E /* ListOfDishesView.swift */,
				AC9C7E0E2A5DAB7A00736A43 /* GeneralView.swift */,
			);
			path = Views;
			sourceTree = "<group>";
		};
		ACE13FB62A7175C3006D2F9E /* Services */ = {
			isa = PBXGroup;
			children = (
				ACE13FB02A71731A006D2F9E /* ImageRealisation.swift */,
				ACE13FB22A717398006D2F9E /* NetworkService.swift */,
				ACE13F2A2A64502B006D2F9E /* Structurs_for_JSON.swift */,
			);
			path = Services;
			sourceTree = "<group>";
		};
/* End PBXGroup section */

/* Begin PBXNativeTarget section */
		AC9C7E082A5DAB7A00736A43 /* TestApp */ = {
			isa = PBXNativeTarget;
			buildConfigurationList = AC9C7E172A5DAB7B00736A43 /* Build configuration list for PBXNativeTarget "TestApp" */;
			buildPhases = (
				AC9C7E052A5DAB7A00736A43 /* Sources */,
				AC9C7E062A5DAB7A00736A43 /* Frameworks */,
				AC9C7E072A5DAB7A00736A43 /* Resources */,
			);
			buildRules = (
			);
			dependencies = (
			);
			name = TestApp;
			productName = TestApp;
			productReference = AC9C7E092A5DAB7A00736A43 /* TestApp.app */;
			productType = "com.apple.product-type.application";
		};
/* End PBXNativeTarget section */

/* Begin PBXProject section */
		AC9C7E012A5DAB7A00736A43 /* Project object */ = {
			isa = PBXProject;
			attributes = {
				BuildIndependentTargetsInParallel = 1;
				LastSwiftUpdateCheck = 1420;
				LastUpgradeCheck = 1420;
				TargetAttributes = {
					AC9C7E082A5DAB7A00736A43 = {
						CreatedOnToolsVersion = 14.2;
					};
				};
			};
			buildConfigurationList = AC9C7E042A5DAB7A00736A43 /* Build configuration list for PBXProject "TestApp" */;
			compatibilityVersion = "Xcode 14.0";
			developmentRegion = en;
			hasScannedForEncodings = 0;
			knownRegions = (
				en,
				Base,
			);
			mainGroup = AC9C7E002A5DAB7A00736A43;
			productRefGroup = AC9C7E0A2A5DAB7A00736A43 /* Products */;
			projectDirPath = "";
			projectRoot = "";
			targets = (
				AC9C7E082A5DAB7A00736A43 /* TestApp */,
			);
		};
/* End PBXProject section */

/* Begin PBXResourcesBuildPhase section */
		AC9C7E072A5DAB7A00736A43 /* Resources */ = {
			isa = PBXResourcesBuildPhase;
			buildActionMask = 2147483647;
			files = (
				AC9C7E142A5DAB7B00736A43 /* Preview Assets.xcassets in Resources */,
				AC9C7E112A5DAB7B00736A43 /* Assets.xcassets in Resources */,
			);
			runOnlyForDeploymentPostprocessing = 0;
		};
/* End PBXResourcesBuildPhase section */

/* Begin PBXSourcesBuildPhase section */
		AC9C7E052A5DAB7A00736A43 /* Sources */ = {
			isa = PBXSourcesBuildPhase;
			buildActionMask = 2147483647;
			files = (
				ACE13F2B2A64502B006D2F9E /* Structurs_for_JSON.swift in Sources */,
				ACE13FB12A71731A006D2F9E /* ImageRealisation.swift in Sources */,
				ACE13F2F2A658076006D2F9E /* ShoppingView.swift in Sources */,
				AC9C7E0F2A5DAB7A00736A43 /* GeneralView.swift in Sources */,
				ACE13F2D2A645209006D2F9E /* ListOfDishesView.swift in Sources */,
				AC9C7E0D2A5DAB7A00736A43 /* TestAppApp.swift in Sources */,
				ACE13FB32A717398006D2F9E /* NetworkService.swift in Sources */,
			);
			runOnlyForDeploymentPostprocessing = 0;
		};
/* End PBXSourcesBuildPhase section */

/* Begin XCBuildConfiguration section */
		AC9C7E152A5DAB7B00736A43 /* Debug */ = {
			isa = XCBuildConfiguration;
			buildSettings = {
				ALWAYS_SEARCH_USER_PATHS = NO;
				CLANG_ANALYZER_NONNULL = YES;
				CLANG_ANALYZER_NUMBER_OBJECT_CONVERSION = YES_AGGRESSIVE;
				CLANG_CXX_LANGUAGE_STANDARD = "gnu++20";
				CLANG_ENABLE_MODULES = YES;
				CLANG_ENABLE_OBJC_ARC = YES;
				CLANG_ENABLE_OBJC_WEAK = YES;
				CLANG_WARN_BLOCK_CAPTURE_AUTORELEASING = YES;
				CLANG_WARN_BOOL_CONVERSION = YES;
				CLANG_WARN_COMMA = YES;
				CLANG_WARN_CONSTANT_CONVERSION = YES;
				CLANG_WARN_DEPRECATED_OBJC_IMPLEMENTATIONS = YES;
				CLANG_WARN_DIRECT_OBJC_ISA_USAGE = YES_ERROR;
				CLANG_WARN_DOCUMENTATION_COMMENTS = YES;
				CLANG_WARN_EMPTY_BODY = YES;
				CLANG_WARN_ENUM_CONVERSION = YES;
				CLANG_WARN_INFINITE_RECURSION = YES;
				CLANG_WARN_INT_CONVERSION = YES;
				CLANG_WARN_NON_LITERAL_NULL_CONVERSION = YES;
				CLANG_WARN_OBJC_IMPLICIT_RETAIN_SELF = YES;
				CLANG_WARN_OBJC_LITERAL_CONVERSION = YES;
				CLANG_WARN_OBJC_ROOT_CLASS = YES_ERROR;
				CLANG_WARN_QUOTED_INCLUDE_IN_FRAMEWORK_HEADER = YES;
				CLANG_WARN_RANGE_LOOP_ANALYSIS = YES;
				CLANG_WARN_STRICT_PROTOTYPES = YES;
				CLANG_WARN_SUSPICIOUS_MOVE = YES;
				CLANG_WARN_UNGUARDED_AVAILABILITY = YES_AGGRESSIVE;
				CLANG_WARN_UNREACHABLE_CODE = YES;
				CLANG_WARN__DUPLICATE_METHOD_MATCH = YES;
				COPY_PHASE_STRIP = NO;
				DEBUG_INFORMATION_FORMAT = dwarf;
				ENABLE_STRICT_OBJC_MSGSEND = YES;
				ENABLE_TESTABILITY = YES;
				GCC_C_LANGUAGE_STANDARD = gnu11;
				GCC_DYNAMIC_NO_PIC = NO;
				GCC_NO_COMMON_BLOCKS = YES;
				GCC_OPTIMIZATION_LEVEL = 0;
				GCC_PREPROCESSOR_DEFINITIONS = (
					"DEBUG=1",
					"$(inherited)",
				);
				GCC_WARN_64_TO_32_BIT_CONVERSION = YES;
				GCC_WARN_ABOUT_RETURN_TYPE = YES_ERROR;
				GCC_WARN_UNDECLARED_SELECTOR = YES;
				GCC_WARN_UNINITIALIZED_AUTOS = YES_AGGRESSIVE;
				GCC_WARN_UNUSED_FUNCTION = YES;
				GCC_WARN_UNUSED_VARIABLE = YES;
				IPHONEOS_DEPLOYMENT_TARGET = 16.2;
				MTL_ENABLE_DEBUG_INFO = INCLUDE_SOURCE;
				MTL_FAST_MATH = YES;
				ONLY_ACTIVE_ARCH = YES;
				SDKROOT = iphoneos;
				SWIFT_ACTIVE_COMPILATION_CONDITIONS = DEBUG;
				SWIFT_OPTIMIZATION_LEVEL = "-Onone";
			};
			name = Debug;
		};
		AC9C7E162A5DAB7B00736A43 /* Release */ = {
			isa = XCBuildConfiguration;
			buildSettings = {
				ALWAYS_SEARCH_USER_PATHS = NO;
				CLANG_ANALYZER_NONNULL = YES;
				CLANG_ANALYZER_NUMBER_OBJECT_CONVERSION = YES_AGGRESSIVE;
				CLANG_CXX_LANGUAGE_STANDARD = "gnu++20";
				CLANG_ENABLE_MODULES = YES;
				CLANG_ENABLE_OBJC_ARC = YES;
				CLANG_ENABLE_OBJC_WEAK = YES;
				CLANG_WARN_BLOCK_CAPTURE_AUTORELEASING = YES;
				CLANG_WARN_BOOL_CONVERSION = YES;
				CLANG_WARN_COMMA = YES;
				CLANG_WARN_CONSTANT_CONVERSION = YES;
				CLANG_WARN_DEPRECATED_OBJC_IMPLEMENTATIONS = YES;
				CLANG_WARN_DIRECT_OBJC_ISA_USAGE = YES_ERROR;
				CLANG_WARN_DOCUMENTATION_COMMENTS = YES;
				CLANG_WARN_EMPTY_BODY = YES;
				CLANG_WARN_ENUM_CONVERSION = YES;
				CLANG_WARN_INFINITE_RECURSION = YES;
				CLANG_WARN_INT_CONVERSION = YES;
				CLANG_WARN_NON_LITERAL_NULL_CONVERSION = YES;
				CLANG_WARN_OBJC_IMPLICIT_RETAIN_SELF = YES;
				CLANG_WARN_OBJC_LITERAL_CONVERSION = YES;
				CLANG_WARN_OBJC_ROOT_CLASS = YES_ERROR;
				CLANG_WARN_QUOTED_INCLUDE_IN_FRAMEWORK_HEADER = YES;
				CLANG_WARN_RANGE_LOOP_ANALYSIS = YES;
				CLANG_WARN_STRICT_PROTOTYPES = YES;
				CLANG_WARN_SUSPICIOUS_MOVE = YES;
				CLANG_WARN_UNGUARDED_AVAILABILITY = YES_AGGRESSIVE;
				CLANG_WARN_UNREACHABLE_CODE = YES;
				CLANG_WARN__DUPLICATE_METHOD_MATCH = YES;
				COPY_PHASE_STRIP = NO;
				DEBUG_INFORMATION_FORMAT = "dwarf-with-dsym";
				ENABLE_NS_ASSERTIONS = NO;
				ENABLE_STRICT_OBJC_MSGSEND = YES;
				GCC_C_LANGUAGE_STANDARD = gnu11;
				GCC_NO_COMMON_BLOCKS = YES;
				GCC_WARN_64_TO_32_BIT_CONVERSION = YES;
				GCC_WARN_ABOUT_RETURN_TYPE = YES_ERROR;
				GCC_WARN_UNDECLARED_SELECTOR = YES;
				GCC_WARN_UNINITIALIZED_AUTOS = YES_AGGRESSIVE;
				GCC_WARN_UNUSED_FUNCTION = YES;
				GCC_WARN_UNUSED_VARIABLE = YES;
				IPHONEOS_DEPLOYMENT_TARGET = 16.2;
				MTL_ENABLE_DEBUG_INFO = NO;
				MTL_FAST_MATH = YES;
				SDKROOT = iphoneos;
				SWIFT_COMPILATION_MODE = wholemodule;
				SWIFT_OPTIMIZATION_LEVEL = "-O";
				VALIDATE_PRODUCT = YES;
			};
			name = Release;
		};
		AC9C7E182A5DAB7B00736A43 /* Debug */ = {
			isa = XCBuildConfiguration;
			buildSettings = {
				ASSETCATALOG_COMPILER_APPICON_NAME = AppIcon;
				ASSETCATALOG_COMPILER_GLOBAL_ACCENT_COLOR_NAME = AccentColor;
				CODE_SIGN_STYLE = Automatic;
				CURRENT_PROJECT_VERSION = 1;
				DEVELOPMENT_ASSET_PATHS = "\"TestApp/Preview Content\"";
				DEVELOPMENT_TEAM = 2QXSQRUC82;
				ENABLE_PREVIEWS = YES;
				GENERATE_INFOPLIST_FILE = YES;
				INFOPLIST_KEY_UIApplicationSceneManifest_Generation = YES;
				INFOPLIST_KEY_UIApplicationSupportsIndirectInputEvents = YES;
				INFOPLIST_KEY_UILaunchScreen_Generation = YES;
				INFOPLIST_KEY_UISupportedInterfaceOrientations_iPad = "UIInterfaceOrientationPortrait UIInterfaceOrientationPortraitUpsideDown UIInterfaceOrientationLandscapeLeft UIInterfaceOrientationLandscapeRight";
				INFOPLIST_KEY_UISupportedInterfaceOrientations_iPhone = "UIInterfaceOrientationPortrait UIInterfaceOrientationLandscapeLeft UIInterfaceOrientationLandscapeRight";
				LD_RUNPATH_SEARCH_PATHS = (
					"$(inherited)",
					"@executable_path/Frameworks",
				);
				MARKETING_VERSION = 1.0;
				PRODUCT_BUNDLE_IDENTIFIER = Skillbox.TestApp;
				PRODUCT_NAME = "$(TARGET_NAME)";
				SWIFT_EMIT_LOC_STRINGS = YES;
				SWIFT_VERSION = 5.0;
				TARGETED_DEVICE_FAMILY = "1,2";
			};
			name = Debug;
		};
		AC9C7E192A5DAB7B00736A43 /* Release */ = {
			isa = XCBuildConfiguration;
			buildSettings = {
				ASSETCATALOG_COMPILER_APPICON_NAME = AppIcon;
				ASSETCATALOG_COMPILER_GLOBAL_ACCENT_COLOR_NAME = AccentColor;
				CODE_SIGN_STYLE = Automatic;
				CURRENT_PROJECT_VERSION = 1;
				DEVELOPMENT_ASSET_PATHS = "\"TestApp/Preview Content\"";
				DEVELOPMENT_TEAM = 2QXSQRUC82;
				ENABLE_PREVIEWS = YES;
				GENERATE_INFOPLIST_FILE = YES;
				INFOPLIST_KEY_UIApplicationSceneManifest_Generation = YES;
				INFOPLIST_KEY_UIApplicationSupportsIndirectInputEvents = YES;
				INFOPLIST_KEY_UILaunchScreen_Generation = YES;
				INFOPLIST_KEY_UISupportedInterfaceOrientations_iPad = "UIInterfaceOrientationPortrait UIInterfaceOrientationPortraitUpsideDown UIInterfaceOrientationLandscapeLeft UIInterfaceOrientationLandscapeRight";
				INFOPLIST_KEY_UISupportedInterfaceOrientations_iPhone = "UIInterfaceOrientationPortrait UIInterfaceOrientationLandscapeLeft UIInterfaceOrientationLandscapeRight";
				LD_RUNPATH_SEARCH_PATHS = (
					"$(inherited)",
					"@executable_path/Frameworks",
				);
				MARKETING_VERSION = 1.0;
				PRODUCT_BUNDLE_IDENTIFIER = Skillbox.TestApp;
				PRODUCT_NAME = "$(TARGET_NAME)";
				SWIFT_EMIT_LOC_STRINGS = YES;
				SWIFT_VERSION = 5.0;
				TARGETED_DEVICE_FAMILY = "1,2";
			};
			name = Release;
		};
/* End XCBuildConfiguration section */

/* Begin XCConfigurationList section */
		AC9C7E042A5DAB7A00736A43 /* Build configuration list for PBXProject "TestApp" */ = {
			isa = XCConfigurationList;
			buildConfigurations = (
				AC9C7E152A5DAB7B00736A43 /* Debug */,
				AC9C7E162A5DAB7B00736A43 /* Release */,
			);
			defaultConfigurationIsVisible = 0;
			defaultConfigurationName = Release;
		};
		AC9C7E172A5DAB7B00736A43 /* Build configuration list for PBXNativeTarget "TestApp" */ = {
			isa = XCConfigurationList;
			buildConfigurations = (
				AC9C7E182A5DAB7B00736A43 /* Debug */,
				AC9C7E192A5DAB7B00736A43 /* Release */,
			);
			defaultConfigurationIsVisible = 0;
			defaultConfigurationName = Release;
		};
/* End XCConfigurationList section */
	};
	rootObject = AC9C7E012A5DAB7A00736A43 /* Project object */;
}
